
Microsoft Visual Studio Solution File, Format Version 12.00
# Visual Studio 14
VisualStudioVersion = 14.0.25420.1
MinimumVisualStudioVersion = 10.0.40219.1
Project("{FAE04EC0-301F-11D3-BF4B-00C04F79EFBC}") = "simple-mvc-adonet", "simple-mvc-adonet\simple-mvc-adonet.csproj", "{77B609CF-B0DD-4ADD-9734-4350B09598EA}"
EndProject
Project("{FAE04EC0-301F-11D3-BF4B-00C04F79EFBC}") = "simple-mvc-adonet.Tests", "simple-mvc-adonet.Tests\simple-mvc-adonet.Tests.csproj", "{7511667E-989F-48FB-8700-4E3609F4A56F}"
EndProject
Project("{2150E333-8FDC-42A3-9474-1A3956D46DE8}") = "Web", "Web", "{13975983-509B-4CEE-A03E-D954EDFAE909}"
EndProject
Project("{2150E333-8FDC-42A3-9474-1A3956D46DE8}") = "Core", "Core", "{FB2B70E4-E221-4879-8930-756D230AD2ED}"
EndProject
Project("{FAE04EC0-301F-11D3-BF4B-00C04F79EFBC}") = "Services", "Services\Services.csproj", "{D5B4B53B-9557-4B15-BCA1-5DF8B055E332}"
EndProject
Project("{FAE04EC0-301F-11D3-BF4B-00C04F79EFBC}") = "Infrastructure", "Infrastructure\Infrastructure.csproj", "{07DF4007-147C-4827-86B5-98DE377600E4}"
EndProject
Project("{FAE04EC0-301F-11D3-BF4B-00C04F79EFBC}") = "DataObject", "DataObject\DataObject.csproj", "{FC3F2F80-92D0-4986-A616-BA1041B60300}"
EndProject
Global
	GlobalSection(SolutionConfigurationPlatforms) = preSolution
		Debug|Any CPU = Debug|Any CPU
		Release|Any CPU = Release|Any CPU
	EndGlobalSection
	GlobalSection(ProjectConfigurationPlatforms) = postSolution
		{77B609CF-B0DD-4ADD-9734-4350B09598EA}.Debug|Any CPU.ActiveCfg = Debug|Any CPU
		{77B609CF-B0DD-4ADD-9734-4350B09598EA}.Debug|Any CPU.Build.0 = Debug|Any CPU
		{77B609CF-B0DD-4ADD-9734-4350B09598EA}.Release|Any CPU.ActiveCfg = Release|Any CPU
		{77B609CF-B0DD-4ADD-9734-4350B09598EA}.Release|Any CPU.Build.0 = Release|Any CPU
		{7511667E-989F-48FB-8700-4E3609F4A56F}.Debug|Any CPU.ActiveCfg = Debug|Any CPU
		{7511667E-989F-48FB-8700-4E3609F4A56F}.Debug|Any CPU.Build.0 = Debug|Any CPU
		{7511667E-989F-48FB-8700-4E3609F4A56F}.Release|Any CPU.ActiveCfg = Release|Any CPU
		{7511667E-989F-48FB-8700-4E3609F4A56F}.Release|Any CPU.Build.0 = Release|Any CPU
		{D5B4B53B-9557-4B15-BCA1-5DF8B055E332}.Debug|Any CPU.ActiveCfg = Debug|Any CPU
		{D5B4B53B-9557-4B15-BCA1-5DF8B055E332}.Debug|Any CPU.Build.0 = Debug|Any CPU
		{D5B4B53B-9557-4B15-BCA1-5DF8B055E332}.Release|Any CPU.ActiveCfg = Release|Any CPU
		{D5B4B53B-9557-4B15-BCA1-5DF8B055E332}.Release|Any CPU.Build.0 = Release|Any CPU
		{07DF4007-147C-4827-86B5-98DE377600E4}.Debug|Any CPU.ActiveCfg = Debug|Any CPU
		{07DF4007-147C-4827-86B5-98DE377600E4}.Debug|Any CPU.Build.0 = Debug|Any CPU
		{07DF4007-147C-4827-86B5-98DE377600E4}.Release|Any CPU.ActiveCfg = Release|Any CPU
		{07DF4007-147C-4827-86B5-98DE377600E4}.Release|Any CPU.Build.0 = Release|Any CPU
		{FC3F2F80-92D0-4986-A616-BA1041B60300}.Debug|Any CPU.ActiveCfg = Debug|Any CPU
		{FC3F2F80-92D0-4986-A616-BA1041B60300}.Debug|Any CPU.Build.0 = Debug|Any CPU
		{FC3F2F80-92D0-4986-A616-BA1041B60300}.Release|Any CPU.ActiveCfg = Release|Any CPU
		{FC3F2F80-92D0-4986-A616-BA1041B60300}.Release|Any CPU.Build.0 = Release|Any CPU
	EndGlobalSection
	GlobalSection(SolutionProperties) = preSolution
		HideSolutionNode = FALSE
	EndGlobalSection
	GlobalSection(NestedProjects) = preSolution
		{77B609CF-B0DD-4ADD-9734-4350B09598EA} = {13975983-509B-4CEE-A03E-D954EDFAE909}
		{7511667E-989F-48FB-8700-4E3609F4A56F} = {13975983-509B-4CEE-A03E-D954EDFAE909}
		{D5B4B53B-9557-4B15-BCA1-5DF8B055E332} = {FB2B70E4-E221-4879-8930-756D230AD2ED}
		{07DF4007-147C-4827-86B5-98DE377600E4} = {FB2B70E4-E221-4879-8930-756D230AD2ED}
		{FC3F2F80-92D0-4986-A616-BA1041B60300} = {FB2B70E4-E221-4879-8930-756D230AD2ED}
	EndGlobalSection
EndGlobal
